// !$*UTF8*$!
{
	archiveVersion = 1;
	classes = {
	};
	objectVersion = 46;
	objects = {

/* Begin PBXBuildFile section */
		BF217502175D52C1000061A9 /* greenbutton.png in Resources */ = {isa = PBXBuildFile; fileRef = BF217501175D52C1000061A9 /* greenbutton.png */; };
		BF217504175D5FF5000061A9 /* bluebutton.png in Resources */ = {isa = PBXBuildFile; fileRef = BF217503175D5FF5000061A9 /* bluebutton.png */; };
		BF3B593317303D9100A29F65 /* UIKit.framework in Frameworks */ = {isa = PBXBuildFile; fileRef = BF3B593217303D9100A29F65 /* UIKit.framework */; };
		BF3B593517303D9100A29F65 /* Foundation.framework in Frameworks */ = {isa = PBXBuildFile; fileRef = BF3B593417303D9100A29F65 /* Foundation.framework */; };
		BF3B593717303D9100A29F65 /* CoreGraphics.framework in Frameworks */ = {isa = PBXBuildFile; fileRef = BF3B593617303D9100A29F65 /* CoreGraphics.framework */; };
		BF3B593D17303D9100A29F65 /* InfoPlist.strings in Resources */ = {isa = PBXBuildFile; fileRef = BF3B593B17303D9100A29F65 /* InfoPlist.strings */; };
		BF3B593F17303D9100A29F65 /* main.m in Sources */ = {isa = PBXBuildFile; fileRef = BF3B593E17303D9100A29F65 /* main.m */; };
		BF3B594317303D9100A29F65 /* SDOAppDelegate.m in Sources */ = {isa = PBXBuildFile; fileRef = BF3B594217303D9100A29F65 /* SDOAppDelegate.m */; };
		BF3B594517303D9100A29F65 /* Default.png in Resources */ = {isa = PBXBuildFile; fileRef = BF3B594417303D9100A29F65 /* Default.png */; };
		BF3B594717303D9100A29F65 /* Default@2x.png in Resources */ = {isa = PBXBuildFile; fileRef = BF3B594617303D9100A29F65 /* Default@2x.png */; };
		BF3B594917303D9100A29F65 /* Default-568h@2x.png in Resources */ = {isa = PBXBuildFile; fileRef = BF3B594817303D9100A29F65 /* Default-568h@2x.png */; };
		BF3B594C17303D9100A29F65 /* SDOViewController.m in Sources */ = {isa = PBXBuildFile; fileRef = BF3B594B17303D9100A29F65 /* SDOViewController.m */; };
		BF3B594F17303D9100A29F65 /* SDOViewController.xib in Resources */ = {isa = PBXBuildFile; fileRef = BF3B594D17303D9100A29F65 /* SDOViewController.xib */; };
		BF3B595717303D9100A29F65 /* SenTestingKit.framework in Frameworks */ = {isa = PBXBuildFile; fileRef = BF3B595617303D9100A29F65 /* SenTestingKit.framework */; };
		BF3B595817303D9100A29F65 /* UIKit.framework in Frameworks */ = {isa = PBXBuildFile; fileRef = BF3B593217303D9100A29F65 /* UIKit.framework */; };
		BF3B595917303D9100A29F65 /* Foundation.framework in Frameworks */ = {isa = PBXBuildFile; fileRef = BF3B593417303D9100A29F65 /* Foundation.framework */; };
		BF3B596117303D9100A29F65 /* InfoPlist.strings in Resources */ = {isa = PBXBuildFile; fileRef = BF3B595F17303D9100A29F65 /* InfoPlist.strings */; };
		BF3B596417303D9100A29F65 /* PollisticsTests.m in Sources */ = {isa = PBXBuildFile; fileRef = BF3B596317303D9100A29F65 /* PollisticsTests.m */; };
		BF3B596E17303FF700A29F65 /* pollisticslogo.png in Resources */ = {isa = PBXBuildFile; fileRef = BF3B596D17303FF700A29F65 /* pollisticslogo.png */; };
		BF3B59701730416C00A29F65 /* pollisticslogoHeader.png in Resources */ = {isa = PBXBuildFile; fileRef = BF3B596F1730416C00A29F65 /* pollisticslogoHeader.png */; };
		BF3B597217304B0700A29F65 /* green-rectangle-blank-button-hiCropped.png in Resources */ = {isa = PBXBuildFile; fileRef = BF3B597117304B0700A29F65 /* green-rectangle-blank-button-hiCropped.png */; };
		BF4BE27C175D64BB00EA0547 /* BlueButtonAi.png in Resources */ = {isa = PBXBuildFile; fileRef = BF4BE27B175D64BB00EA0547 /* BlueButtonAi.png */; };
		BF4BE27E175D6F5600EA0547 /* SelectedButtonAi.png in Resources */ = {isa = PBXBuildFile; fileRef = BF4BE27D175D6F5600EA0547 /* SelectedButtonAi.png */; };
		BF77B358175D75350025F29D /* pollisticsIcon114.png in Resources */ = {isa = PBXBuildFile; fileRef = BF77B357175D75350025F29D /* pollisticsIcon114.png */; };
		BF77B35A175D75390025F29D /* pollisticsIcon57.png in Resources */ = {isa = PBXBuildFile; fileRef = BF77B359175D75390025F29D /* pollisticsIcon57.png */; };
		BF77B35C175D7C470025F29D /* pollisticslogo.png in Resources */ = {isa = PBXBuildFile; fileRef = BF77B35B175D7C470025F29D /* pollisticslogo.png */; };
/* End PBXBuildFile section */

/* Begin PBXContainerItemProxy section */
		BF3B595A17303D9100A29F65 /* PBXContainerItemProxy */ = {
			isa = PBXContainerItemProxy;
			containerPortal = BF3B592717303D9000A29F65 /* Project object */;
			proxyType = 1;
			remoteGlobalIDString = BF3B592E17303D9000A29F65;
			remoteInfo = Pollistics;
		};
/* End PBXContainerItemProxy section */

/* Begin PBXFileReference section */
		BF217501175D52C1000061A9 /* greenbutton.png */ = {isa = PBXFileReference; lastKnownFileType = image.png; path = greenbutton.png; sourceTree = "<group>"; };
		BF217503175D5FF5000061A9 /* bluebutton.png */ = {isa = PBXFileReference; lastKnownFileType = image.png; name = bluebutton.png; path = ../../../iOSGraphics/bluebutton.png; sourceTree = "<group>"; };
		BF3B592F17303D9100A29F65 /* Pollistics.app */ = {isa = PBXFileReference; explicitFileType = wrapper.application; includeInIndex = 0; path = Pollistics.app; sourceTree = BUILT_PRODUCTS_DIR; };
		BF3B593217303D9100A29F65 /* UIKit.framework */ = {isa = PBXFileReference; lastKnownFileType = wrapper.framework; name = UIKit.framework; path = System/Library/Frameworks/UIKit.framework; sourceTree = SDKROOT; };
		BF3B593417303D9100A29F65 /* Foundation.framework */ = {isa = PBXFileReference; lastKnownFileType = wrapper.framework; name = Foundation.framework; path = System/Library/Frameworks/Foundation.framework; sourceTree = SDKROOT; };
		BF3B593617303D9100A29F65 /* CoreGraphics.framework */ = {isa = PBXFileReference; lastKnownFileType = wrapper.framework; name = CoreGraphics.framework; path = System/Library/Frameworks/CoreGraphics.framework; sourceTree = SDKROOT; };
		BF3B593A17303D9100A29F65 /* Pollistics-Info.plist */ = {isa = PBXFileReference; lastKnownFileType = text.plist.xml; path = "Pollistics-Info.plist"; sourceTree = "<group>"; };
		BF3B593C17303D9100A29F65 /* en */ = {isa = PBXFileReference; lastKnownFileType = text.plist.strings; name = en; path = en.lproj/InfoPlist.strings; sourceTree = "<group>"; };
		BF3B593E17303D9100A29F65 /* main.m */ = {isa = PBXFileReference; lastKnownFileType = sourcecode.c.objc; path = main.m; sourceTree = "<group>"; };
		BF3B594017303D9100A29F65 /* Pollistics-Prefix.pch */ = {isa = PBXFileReference; lastKnownFileType = sourcecode.c.h; path = "Pollistics-Prefix.pch"; sourceTree = "<group>"; };
		BF3B594117303D9100A29F65 /* SDOAppDelegate.h */ = {isa = PBXFileReference; lastKnownFileType = sourcecode.c.h; path = SDOAppDelegate.h; sourceTree = "<group>"; };
		BF3B594217303D9100A29F65 /* SDOAppDelegate.m */ = {isa = PBXFileReference; lastKnownFileType = sourcecode.c.objc; path = SDOAppDelegate.m; sourceTree = "<group>"; };
		BF3B594417303D9100A29F65 /* Default.png */ = {isa = PBXFileReference; lastKnownFileType = image.png; path = Default.png; sourceTree = "<group>"; };
		BF3B594617303D9100A29F65 /* Default@2x.png */ = {isa = PBXFileReference; lastKnownFileType = image.png; path = "Default@2x.png"; sourceTree = "<group>"; };
		BF3B594817303D9100A29F65 /* Default-568h@2x.png */ = {isa = PBXFileReference; lastKnownFileType = image.png; path = "Default-568h@2x.png"; sourceTree = "<group>"; };
		BF3B594A17303D9100A29F65 /* SDOViewController.h */ = {isa = PBXFileReference; lastKnownFileType = sourcecode.c.h; path = SDOViewController.h; sourceTree = "<group>"; };
		BF3B594B17303D9100A29F65 /* SDOViewController.m */ = {isa = PBXFileReference; lastKnownFileType = sourcecode.c.objc; path = SDOViewController.m; sourceTree = "<group>"; };
		BF3B594E17303D9100A29F65 /* en */ = {isa = PBXFileReference; lastKnownFileType = file.xib; name = en; path = en.lproj/SDOViewController.xib; sourceTree = "<group>"; };
		BF3B595517303D9100A29F65 /* PollisticsTests.octest */ = {isa = PBXFileReference; explicitFileType = wrapper.cfbundle; includeInIndex = 0; path = PollisticsTests.octest; sourceTree = BUILT_PRODUCTS_DIR; };
		BF3B595617303D9100A29F65 /* SenTestingKit.framework */ = {isa = PBXFileReference; lastKnownFileType = wrapper.framework; name = SenTestingKit.framework; path = Library/Frameworks/SenTestingKit.framework; sourceTree = DEVELOPER_DIR; };
		BF3B595E17303D9100A29F65 /* PollisticsTests-Info.plist */ = {isa = PBXFileReference; lastKnownFileType = text.plist.xml; path = "PollisticsTests-Info.plist"; sourceTree = "<group>"; };
		BF3B596017303D9100A29F65 /* en */ = {isa = PBXFileReference; lastKnownFileType = text.plist.strings; name = en; path = en.lproj/InfoPlist.strings; sourceTree = "<group>"; };
		BF3B596217303D9100A29F65 /* PollisticsTests.h */ = {isa = PBXFileReference; lastKnownFileType = sourcecode.c.h; path = PollisticsTests.h; sourceTree = "<group>"; };
		BF3B596317303D9100A29F65 /* PollisticsTests.m */ = {isa = PBXFileReference; lastKnownFileType = sourcecode.c.objc; path = PollisticsTests.m; sourceTree = "<group>"; };
		BF3B596D17303FF700A29F65 /* pollisticslogo.png */ = {isa = PBXFileReference; lastKnownFileType = image.png; path = pollisticslogo.png; sourceTree = "<group>"; };
		BF3B596F1730416C00A29F65 /* pollisticslogoHeader.png */ = {isa = PBXFileReference; lastKnownFileType = image.png; path = pollisticslogoHeader.png; sourceTree = "<group>"; };
		BF3B597117304B0700A29F65 /* green-rectangle-blank-button-hiCropped.png */ = {isa = PBXFileReference; lastKnownFileType = image.png; path = "green-rectangle-blank-button-hiCropped.png"; sourceTree = "<group>"; };
		BF4BE27B175D64BB00EA0547 /* BlueButtonAi.png */ = {isa = PBXFileReference; lastKnownFileType = image.png; name = BlueButtonAi.png; path = ../../../iOSGraphics/BlueButtonAi.png; sourceTree = "<group>"; };
		BF4BE27D175D6F5600EA0547 /* SelectedButtonAi.png */ = {isa = PBXFileReference; lastKnownFileType = image.png; name = SelectedButtonAi.png; path = ../../../iOSGraphics/SelectedButtonAi.png; sourceTree = "<group>"; };
		BF77B357175D75350025F29D /* pollisticsIcon114.png */ = {isa = PBXFileReference; lastKnownFileType = image.png; path = pollisticsIcon114.png; sourceTree = "<group>"; };
		BF77B359175D75390025F29D /* pollisticsIcon57.png */ = {isa = PBXFileReference; lastKnownFileType = image.png; path = pollisticsIcon57.png; sourceTree = "<group>"; };
		BF77B35B175D7C470025F29D /* pollisticslogo.png */ = {isa = PBXFileReference; lastKnownFileType = image.png; name = pollisticslogo.png; path = ../../../iOSGraphics/pollisticslogo.png; sourceTree = "<group>"; };
/* End PBXFileReference section */

/* Begin PBXFrameworksBuildPhase section */
		BF3B592C17303D9000A29F65 /* Frameworks */ = {
			isa = PBXFrameworksBuildPhase;
			buildActionMask = 2147483647;
			files = (
				BF3B593317303D9100A29F65 /* UIKit.framework in Frameworks */,
				BF3B593517303D9100A29F65 /* Foundation.framework in Frameworks */,
				BF3B593717303D9100A29F65 /* CoreGraphics.framework in Frameworks */,
			);
			runOnlyForDeploymentPostprocessing = 0;
		};
		BF3B595117303D9100A29F65 /* Frameworks */ = {
			isa = PBXFrameworksBuildPhase;
			buildActionMask = 2147483647;
			files = (
				BF3B595717303D9100A29F65 /* SenTestingKit.framework in Frameworks */,
				BF3B595817303D9100A29F65 /* UIKit.framework in Frameworks */,
				BF3B595917303D9100A29F65 /* Foundation.framework in Frameworks */,
			);
			runOnlyForDeploymentPostprocessing = 0;
		};
/* End PBXFrameworksBuildPhase section */

/* Begin PBXGroup section */
		BF3B592617303D9000A29F65 = {
			isa = PBXGroup;
			children = (
				BF77B359175D75390025F29D /* pollisticsIcon57.png */,
				BF77B357175D75350025F29D /* pollisticsIcon114.png */,
				BF3B593817303D9100A29F65 /* Pollistics */,
				BF3B595C17303D9100A29F65 /* PollisticsTests */,
				BF3B593117303D9100A29F65 /* Frameworks */,
				BF3B593017303D9100A29F65 /* Products */,
			);
			sourceTree = "<group>";
		};
		BF3B593017303D9100A29F65 /* Products */ = {
			isa = PBXGroup;
			children = (
				BF3B592F17303D9100A29F65 /* Pollistics.app */,
				BF3B595517303D9100A29F65 /* PollisticsTests.octest */,
			);
			name = Products;
			sourceTree = "<group>";
		};
		BF3B593117303D9100A29F65 /* Frameworks */ = {
			isa = PBXGroup;
			children = (
				BF3B593217303D9100A29F65 /* UIKit.framework */,
				BF3B593417303D9100A29F65 /* Foundation.framework */,
				BF3B593617303D9100A29F65 /* CoreGraphics.framework */,
				BF3B595617303D9100A29F65 /* SenTestingKit.framework */,
			);
			name = Frameworks;
			sourceTree = "<group>";
		};
		BF3B593817303D9100A29F65 /* Pollistics */ = {
			isa = PBXGroup;
			children = (
				BF3B594117303D9100A29F65 /* SDOAppDelegate.h */,
				BF3B594217303D9100A29F65 /* SDOAppDelegate.m */,
				BF3B594A17303D9100A29F65 /* SDOViewController.h */,
				BF3B594B17303D9100A29F65 /* SDOViewController.m */,
				BF3B594D17303D9100A29F65 /* SDOViewController.xib */,
				BF3B593917303D9100A29F65 /* Supporting Files */,
			);
			path = Pollistics;
			sourceTree = "<group>";
		};
		BF3B593917303D9100A29F65 /* Supporting Files */ = {
			isa = PBXGroup;
			children = (
				BF77B35B175D7C470025F29D /* pollisticslogo.png */,
				BF4BE27D175D6F5600EA0547 /* SelectedButtonAi.png */,
				BF4BE27B175D64BB00EA0547 /* BlueButtonAi.png */,
				BF217503175D5FF5000061A9 /* bluebutton.png */,
				BF217501175D52C1000061A9 /* greenbutton.png */,
				BF3B597117304B0700A29F65 /* green-rectangle-blank-button-hiCropped.png */,
				BF3B596F1730416C00A29F65 /* pollisticslogoHeader.png */,
				BF3B596D17303FF700A29F65 /* pollisticslogo.png */,
				BF3B593A17303D9100A29F65 /* Pollistics-Info.plist */,
				BF3B593B17303D9100A29F65 /* InfoPlist.strings */,
				BF3B593E17303D9100A29F65 /* main.m */,
				BF3B594017303D9100A29F65 /* Pollistics-Prefix.pch */,
				BF3B594417303D9100A29F65 /* Default.png */,
				BF3B594617303D9100A29F65 /* Default@2x.png */,
				BF3B594817303D9100A29F65 /* Default-568h@2x.png */,
			);
			name = "Supporting Files";
			sourceTree = "<group>";
		};
		BF3B595C17303D9100A29F65 /* PollisticsTests */ = {
			isa = PBXGroup;
			children = (
				BF3B596217303D9100A29F65 /* PollisticsTests.h */,
				BF3B596317303D9100A29F65 /* PollisticsTests.m */,
				BF3B595D17303D9100A29F65 /* Supporting Files */,
			);
			path = PollisticsTests;
			sourceTree = "<group>";
		};
		BF3B595D17303D9100A29F65 /* Supporting Files */ = {
			isa = PBXGroup;
			children = (
				BF3B595E17303D9100A29F65 /* PollisticsTests-Info.plist */,
				BF3B595F17303D9100A29F65 /* InfoPlist.strings */,
			);
			name = "Supporting Files";
			sourceTree = "<group>";
		};
/* End PBXGroup section */

/* Begin PBXNativeTarget section */
		BF3B592E17303D9000A29F65 /* Pollistics */ = {
			isa = PBXNativeTarget;
			buildConfigurationList = BF3B596717303D9100A29F65 /* Build configuration list for PBXNativeTarget "Pollistics" */;
			buildPhases = (
				BF3B592B17303D9000A29F65 /* Sources */,
				BF3B592C17303D9000A29F65 /* Frameworks */,
				BF3B592D17303D9000A29F65 /* Resources */,
			);
			buildRules = (
			);
			dependencies = (
			);
			name = Pollistics;
			productName = Pollistics;
			productReference = BF3B592F17303D9100A29F65 /* Pollistics.app */;
			productType = "com.apple.product-type.application";
		};
		BF3B595417303D9100A29F65 /* PollisticsTests */ = {
			isa = PBXNativeTarget;
			buildConfigurationList = BF3B596A17303D9100A29F65 /* Build configuration list for PBXNativeTarget "PollisticsTests" */;
			buildPhases = (
				BF3B595017303D9100A29F65 /* Sources */,
				BF3B595117303D9100A29F65 /* Frameworks */,
				BF3B595217303D9100A29F65 /* Resources */,
				BF3B595317303D9100A29F65 /* ShellScript */,
			);
			buildRules = (
			);
			dependencies = (
				BF3B595B17303D9100A29F65 /* PBXTargetDependency */,
			);
			name = PollisticsTests;
			productName = PollisticsTests;
			productReference = BF3B595517303D9100A29F65 /* PollisticsTests.octest */;
			productType = "com.apple.product-type.bundle";
		};
/* End PBXNativeTarget section */

/* Begin PBXProject section */
		BF3B592717303D9000A29F65 /* Project object */ = {
			isa = PBXProject;
			attributes = {
				CLASSPREFIX = SDO;
				LastUpgradeCheck = 0460;
				ORGANIZATIONNAME = Studiosudo;
			};
			buildConfigurationList = BF3B592A17303D9000A29F65 /* Build configuration list for PBXProject "Pollistics" */;
			compatibilityVersion = "Xcode 3.2";
			developmentRegion = English;
			hasScannedForEncodings = 0;
			knownRegions = (
				en,
			);
			mainGroup = BF3B592617303D9000A29F65;
			productRefGroup = BF3B593017303D9100A29F65 /* Products */;
			projectDirPath = "";
			projectRoot = "";
			targets = (
				BF3B592E17303D9000A29F65 /* Pollistics */,
				BF3B595417303D9100A29F65 /* PollisticsTests */,
			);
		};
/* End PBXProject section */

/* Begin PBXResourcesBuildPhase section */
		BF3B592D17303D9000A29F65 /* Resources */ = {
			isa = PBXResourcesBuildPhase;
			buildActionMask = 2147483647;
			files = (
				BF3B593D17303D9100A29F65 /* InfoPlist.strings in Resources */,
				BF3B594517303D9100A29F65 /* Default.png in Resources */,
				BF3B594717303D9100A29F65 /* Default@2x.png in Resources */,
				BF3B594917303D9100A29F65 /* Default-568h@2x.png in Resources */,
				BF3B594F17303D9100A29F65 /* SDOViewController.xib in Resources */,
				BF3B596E17303FF700A29F65 /* pollisticslogo.png in Resources */,
				BF3B59701730416C00A29F65 /* pollisticslogoHeader.png in Resources */,
				BF3B597217304B0700A29F65 /* green-rectangle-blank-button-hiCropped.png in Resources */,
				BF217502175D52C1000061A9 /* greenbutton.png in Resources */,
				BF217504175D5FF5000061A9 /* bluebutton.png in Resources */,
				BF4BE27C175D64BB00EA0547 /* BlueButtonAi.png in Resources */,
				BF4BE27E175D6F5600EA0547 /* SelectedButtonAi.png in Resources */,
				BF77B358175D75350025F29D /* pollisticsIcon114.png in Resources */,
				BF77B35A175D75390025F29D /* pollisticsIcon57.png in Resources */,
				BF77B35C175D7C470025F29D /* pollisticslogo.png in Resources */,
			);
			runOnlyForDeploymentPostprocessing = 0;
		};
		BF3B595217303D9100A29F65 /* Resources */ = {
			isa = PBXResourcesBuildPhase;
			buildActionMask = 2147483647;
			files = (
				BF3B596117303D9100A29F65 /* InfoPlist.strings in Resources */,
			);
			runOnlyForDeploymentPostprocessing = 0;
		};
/* End PBXResourcesBuildPhase section */

/* Begin PBXShellScriptBuildPhase section */
		BF3B595317303D9100A29F65 /* ShellScript */ = {
			isa = PBXShellScriptBuildPhase;
			buildActionMask = 2147483647;
			files = (
			);
			inputPaths = (
			);
			outputPaths = (
			);
			runOnlyForDeploymentPostprocessing = 0;
			shellPath = /bin/sh;
			shellScript = "# Run the unit tests in this test bundle.\n\"${SYSTEM_DEVELOPER_DIR}/Tools/RunUnitTests\"\n";
		};
/* End PBXShellScriptBuildPhase section */

/* Begin PBXSourcesBuildPhase section */
		BF3B592B17303D9000A29F65 /* Sources */ = {
			isa = PBXSourcesBuildPhase;
			buildActionMask = 2147483647;
			files = (
				BF3B593F17303D9100A29F65 /* main.m in Sources */,
				BF3B594317303D9100A29F65 /* SDOAppDelegate.m in Sources */,
				BF3B594C17303D9100A29F65 /* SDOViewController.m in Sources */,
			);
			runOnlyForDeploymentPostprocessing = 0;
		};
		BF3B595017303D9100A29F65 /* Sources */ = {
			isa = PBXSourcesBuildPhase;
			buildActionMask = 2147483647;
			files = (
				BF3B596417303D9100A29F65 /* PollisticsTests.m in Sources */,
			);
			runOnlyForDeploymentPostprocessing = 0;
		};
/* End PBXSourcesBuildPhase section */

/* Begin PBXTargetDependency section */
		BF3B595B17303D9100A29F65 /* PBXTargetDependency */ = {
			isa = PBXTargetDependency;
			target = BF3B592E17303D9000A29F65 /* Pollistics */;
			targetProxy = BF3B595A17303D9100A29F65 /* PBXContainerItemProxy */;
		};
/* End PBXTargetDependency section */

/* Begin PBXVariantGroup section */
		BF3B593B17303D9100A29F65 /* InfoPlist.strings */ = {
			isa = PBXVariantGroup;
			children = (
				BF3B593C17303D9100A29F65 /* en */,
			);
			name = InfoPlist.strings;
			sourceTree = "<group>";
		};
		BF3B594D17303D9100A29F65 /* SDOViewController.xib */ = {
			isa = PBXVariantGroup;
			children = (
				BF3B594E17303D9100A29F65 /* en */,
			);
			name = SDOViewController.xib;
			sourceTree = "<group>";
		};
		BF3B595F17303D9100A29F65 /* InfoPlist.strings */ = {
			isa = PBXVariantGroup;
			children = (
				BF3B596017303D9100A29F65 /* en */,
			);
			name = InfoPlist.strings;
			sourceTree = "<group>";
		};
/* End PBXVariantGroup section */

/* Begin XCBuildConfiguration section */
		BF3B596517303D9100A29F65 /* Debug */ = {
			isa = XCBuildConfiguration;
			buildSettings = {
				ALWAYS_SEARCH_USER_PATHS = NO;
				CLANG_CXX_LANGUAGE_STANDARD = "gnu++0x";
				CLANG_CXX_LIBRARY = "libc++";
				CLANG_ENABLE_OBJC_ARC = YES;
				CLANG_WARN_CONSTANT_CONVERSION = YES;
				CLANG_WARN_EMPTY_BODY = YES;
				CLANG_WARN_ENUM_CONVERSION = YES;
				CLANG_WARN_INT_CONVERSION = YES;
				CLANG_WARN__DUPLICATE_METHOD_MATCH = YES;
				"CODE_SIGN_IDENTITY[sdk=iphoneos*]" = "iPhone Developer";
				COPY_PHASE_STRIP = NO;
				GCC_C_LANGUAGE_STANDARD = gnu99;
				GCC_DYNAMIC_NO_PIC = NO;
				GCC_OPTIMIZATION_LEVEL = 0;
				GCC_PREPROCESSOR_DEFINITIONS = (
					"DEBUG=1",
					"$(inherited)",
				);
				GCC_SYMBOLS_PRIVATE_EXTERN = NO;
				GCC_WARN_ABOUT_RETURN_TYPE = YES;
				GCC_WARN_UNINITIALIZED_AUTOS = YES;
				GCC_WARN_UNUSED_VARIABLE = YES;
				IPHONEOS_DEPLOYMENT_TARGET = 6.1;
				ONLY_ACTIVE_ARCH = YES;
				SDKROOT = iphoneos;
			};
			name = Debug;
		};
		BF3B596617303D9100A29F65 /* Release */ = {
			isa = XCBuildConfiguration;
			buildSettings = {
				ALWAYS_SEARCH_USER_PATHS = NO;
				CLANG_CXX_LANGUAGE_STANDARD = "gnu++0x";
				CLANG_CXX_LIBRARY = "libc++";
				CLANG_ENABLE_OBJC_ARC = YES;
				CLANG_WARN_CONSTANT_CONVERSION = YES;
				CLANG_WARN_EMPTY_BODY = YES;
				CLANG_WARN_ENUM_CONVERSION = YES;
				CLANG_WARN_INT_CONVERSION = YES;
				CLANG_WARN__DUPLICATE_METHOD_MATCH = YES;
				"CODE_SIGN_IDENTITY[sdk=iphoneos*]" = "iPhone Developer";
				COPY_PHASE_STRIP = YES;
				GCC_C_LANGUAGE_STANDARD = gnu99;
				GCC_WARN_ABOUT_RETURN_TYPE = YES;
				GCC_WARN_UNINITIALIZED_AUTOS = YES;
				GCC_WARN_UNUSED_VARIABLE = YES;
				IPHONEOS_DEPLOYMENT_TARGET = 6.1;
				OTHER_CFLAGS = "-DNS_BLOCK_ASSERTIONS=1";
				SDKROOT = iphoneos;
				VALIDATE_PRODUCT = YES;
			};
			name = Release;
		};
		BF3B596817303D9100A29F65 /* Debug */ = {
			isa = XCBuildConfiguration;
			buildSettings = {
				GCC_PRECOMPILE_PREFIX_HEADER = YES;
				GCC_PREFIX_HEADER = "Pollistics/Pollistics-Prefix.pch";
				INFOPLIST_FILE = "Pollistics/Pollistics-Info.plist";
				PRODUCT_NAME = "$(TARGET_NAME)";
				WRAPPER_EXTENSION = app;
			};
			name = Debug;
		};
		BF3B596917303D9100A29F65 /* Release */ = {
			isa = XCBuildConfiguration;
			buildSettings = {
				GCC_PRECOMPILE_PREFIX_HEADER = YES;
				GCC_PREFIX_HEADER = "Pollistics/Pollistics-Prefix.pch";
				INFOPLIST_FILE = "Pollistics/Pollistics-Info.plist";
				PRODUCT_NAME = "$(TARGET_NAME)";
				WRAPPER_EXTENSION = app;
			};
			name = Release;
		};
		BF3B596B17303D9100A29F65 /* Debug */ = {
			isa = XCBuildConfiguration;
			buildSettings = {
				BUNDLE_LOADER = "$(BUILT_PRODUCTS_DIR)/Pollistics.app/Pollistics";
				FRAMEWORK_SEARCH_PATHS = (
					"\"$(SDKROOT)/Developer/Library/Frameworks\"",
					"\"$(DEVELOPER_LIBRARY_DIR)/Frameworks\"",
				);
				GCC_PRECOMPILE_PREFIX_HEADER = YES;
				GCC_PREFIX_HEADER = "Pollistics/Pollistics-Prefix.pch";
				INFOPLIST_FILE = "PollisticsTests/PollisticsTests-Info.plist";
				PRODUCT_NAME = "$(TARGET_NAME)";
				TEST_HOST = "$(BUNDLE_LOADER)";
				WRAPPER_EXTENSION = octest;
			};
			name = Debug;
		};
		BF3B596C17303D9100A29F65 /* Release */ = {
			isa = XCBuildConfiguration;
			buildSettings = {
				BUNDLE_LOADER = "$(BUILT_PRODUCTS_DIR)/Pollistics.app/Pollistics";
				FRAMEWORK_SEARCH_PATHS = (
					"\"$(SDKROOT)/Developer/Library/Frameworks\"",
					"\"$(DEVELOPER_LIBRARY_DIR)/Frameworks\"",
				);
				GCC_PRECOMPILE_PREFIX_HEADER = YES;
				GCC_PREFIX_HEADER = "Pollistics/Pollistics-Prefix.pch";
				INFOPLIST_FILE = "PollisticsTests/PollisticsTests-Info.plist";
				PRODUCT_NAME = "$(TARGET_NAME)";
				TEST_HOST = "$(BUNDLE_LOADER)";
				WRAPPER_EXTENSION = octest;
			};
			name = Release;
		};
/* End XCBuildConfiguration section */

/* Begin XCConfigurationList section */
		BF3B592A17303D9000A29F65 /* Build configuration list for PBXProject "Pollistics" */ = {
			isa = XCConfigurationList;
			buildConfigurations = (
				BF3B596517303D9100A29F65 /* Debug */,
				BF3B596617303D9100A29F65 /* Release */,
			);
			defaultConfigurationIsVisible = 0;
			defaultConfigurationName = Release;
		};
		BF3B596717303D9100A29F65 /* Build configuration list for PBXNativeTarget "Pollistics" */ = {
			isa = XCConfigurationList;
			buildConfigurations = (
				BF3B596817303D9100A29F65 /* Debug */,
				BF3B596917303D9100A29F65 /* Release */,
			);
			defaultConfigurationIsVisible = 0;
			defaultConfigurationName = Release;
		};
		BF3B596A17303D9100A29F65 /* Build configuration list for PBXNativeTarget "PollisticsTests" */ = {
			isa = XCConfigurationList;
			buildConfigurations = (
				BF3B596B17303D9100A29F65 /* Debug */,
				BF3B596C17303D9100A29F65 /* Release */,
			);
			defaultConfigurationIsVisible = 0;
			defaultConfigurationName = Release;
		};
/* End XCConfigurationList section */
	};
	rootObject = BF3B592717303D9000A29F65 /* Project object */;
}
